
Microsoft Visual Studio Solution File, Format Version 12.00
# Visual Studio Version 17
VisualStudioVersion = 17.9.34607.119
MinimumVisualStudioVersion = 10.0.40219.1
Project("{FAE04EC0-301F-11D3-BF4B-00C04F79EFBC}") = "Assignment_4", "Assignment_4\Assignment_4.csproj", "{49C70DE1-E8A3-4BD8-8428-D429D7FC850B}"
EndProject
Global
	GlobalSection(SolutionConfigurationPlatforms) = preSolution
		Debug|Any CPU = Debug|Any CPU
		Release|Any CPU = Release|Any CPU
	EndGlobalSection
	GlobalSection(ProjectConfigurationPlatforms) = postSolution
		{49C70DE1-E8A3-4BD8-8428-D429D7FC850B}.Debug|Any CPU.ActiveCfg = Debug|Any CPU
		{49C70DE1-E8A3-4BD8-8428-D429D7FC850B}.Debug|Any CPU.Build.0 = Debug|Any CPU
		{49C70DE1-E8A3-4BD8-8428-D429D7FC850B}.Release|Any CPU.ActiveCfg = Release|Any CPU
		{49C70DE1-E8A3-4BD8-8428-D429D7FC850B}.Release|Any CPU.Build.0 = Release|Any CPU
	EndGlobalSection
	GlobalSection(SolutionProperties) = preSolution
		HideSolutionNode = FALSE
	EndGlobalSection
	GlobalSection(ExtensibilityGlobals) = postSolution
		SolutionGuid = {925489E6-8E54-4511-91B0-5DEF4C9B7AF7}
	EndGlobalSection
EndGlobal
